Microsoft Visual Studio Solution File, Format Version 12.00
# Visual Studio Version 17
VisualStudioVersion = 17.5.2.0
MinimumVisualStudioVersion = 10.0.40219.1
Project("{FAE04EC0-301F-11D3-BF4B-00C04F79EFBC}") = "qltv", "qltv.csproj", "{10AF1065-8B80-E36E-6ECB-A6785F1CC84A}"
EndProject
Global
	GlobalSection(SolutionConfigurationPlatforms) = preSolution
		Debug|Any CPU = Debug|Any CPU
		Release|Any CPU = Release|Any CPU
	EndGlobalSection
	GlobalSection(ProjectConfigurationPlatforms) = postSolution
		{10AF1065-8B80-E36E-6ECB-A6785F1CC84A}.Debug|Any CPU.ActiveCfg = Debug|Any CPU
		{10AF1065-8B80-E36E-6ECB-A6785F1CC84A}.Debug|Any CPU.Build.0 = Debug|Any CPU
		{10AF1065-8B80-E36E-6ECB-A6785F1CC84A}.Release|Any CPU.ActiveCfg = Release|Any CPU
		{10AF1065-8B80-E36E-6ECB-A6785F1CC84A}.Release|Any CPU.Build.0 = Release|Any CPU
	EndGlobalSection
	GlobalSection(SolutionProperties) = preSolution
		HideSolutionNode = FALSE
	EndGlobalSection
	GlobalSection(ExtensibilityGlobals) = postSolution
		SolutionGuid = {FF9BDF3F-FAB8-4E8D-B3B8-6EEB9AB38BBC}
	EndGlobalSection
EndGlobal
